
Microsoft Visual Studio Solution File, Format Version 12.00
# Visual Studio Version 17
VisualStudioVersion = 17.9.34607.119
MinimumVisualStudioVersion = 10.0.40219.1
Project("{FAE04EC0-301F-11D3-BF4B-00C04F79EFBC}") = "SoftDrinksGUI", "SoftDrinksGUI\SoftDrinksGUI.csproj", "{C2526772-78C6-4BBC-AB0C-A83D4B243982}"
EndProject
Global
	GlobalSection(SolutionConfigurationPlatforms) = preSolution
		Debug|Any CPU = Debug|Any CPU
		Release|Any CPU = Release|Any CPU
	EndGlobalSection
	GlobalSection(ProjectConfigurationPlatforms) = postSolution
		{C2526772-78C6-4BBC-AB0C-A83D4B243982}.Debug|Any CPU.ActiveCfg = Debug|Any CPU
		{C2526772-78C6-4BBC-AB0C-A83D4B243982}.Debug|Any CPU.Build.0 = Debug|Any CPU
		{C2526772-78C6-4BBC-AB0C-A83D4B243982}.Release|Any CPU.ActiveCfg = Release|Any CPU
		{C2526772-78C6-4BBC-AB0C-A83D4B243982}.Release|Any CPU.Build.0 = Release|Any CPU
	EndGlobalSection
	GlobalSection(SolutionProperties) = preSolution
		HideSolutionNode = FALSE
	EndGlobalSection
	GlobalSection(ExtensibilityGlobals) = postSolution
		SolutionGuid = {0DCC5BC0-BD4C-4C1F-BF4C-3181143474C5}
	EndGlobalSection
EndGlobal
