
Microsoft Visual Studio Solution File, Format Version 12.00
# Visual Studio Version 17
VisualStudioVersion = 17.9.34607.119
MinimumVisualStudioVersion = 10.0.40219.1
Project("{FAE04EC0-301F-11D3-BF4B-00C04F79EFBC}") = "Bevolkerung", "Bevolkerung\Bevolkerung.csproj", "{3E01B143-74D2-443C-8F45-953C749ACFEC}"
EndProject
Global
	GlobalSection(SolutionConfigurationPlatforms) = preSolution
		Debug|Any CPU = Debug|Any CPU
		Release|Any CPU = Release|Any CPU
	EndGlobalSection
	GlobalSection(ProjectConfigurationPlatforms) = postSolution
		{3E01B143-74D2-443C-8F45-953C749ACFEC}.Debug|Any CPU.ActiveCfg = Debug|Any CPU
		{3E01B143-74D2-443C-8F45-953C749ACFEC}.Debug|Any CPU.Build.0 = Debug|Any CPU
		{3E01B143-74D2-443C-8F45-953C749ACFEC}.Release|Any CPU.ActiveCfg = Release|Any CPU
		{3E01B143-74D2-443C-8F45-953C749ACFEC}.Release|Any CPU.Build.0 = Release|Any CPU
	EndGlobalSection
	GlobalSection(SolutionProperties) = preSolution
		HideSolutionNode = FALSE
	EndGlobalSection
	GlobalSection(ExtensibilityGlobals) = postSolution
		SolutionGuid = {77BE95B5-50F6-46F0-890C-C05A3FA39C50}
	EndGlobalSection
EndGlobal
