
Microsoft Visual Studio Solution File, Format Version 12.00
# Visual Studio Version 17
VisualStudioVersion = 17.9.34607.119
MinimumVisualStudioVersion = 10.0.40219.1
Project("{FAE04EC0-301F-11D3-BF4B-00C04F79EFBC}") = "AutoKonzol", "AutoKonzol.csproj", "{987093D4-6563-41DB-9856-DB230D692825}"
EndProject
Project("{FAE04EC0-301F-11D3-BF4B-00C04F79EFBC}") = "AutoGUI", "..\AutoGUI\AutoGUI.csproj", "{6DC62DF4-E599-467A-A40D-73B65031C2AC}"
EndProject
Global
	GlobalSection(SolutionConfigurationPlatforms) = preSolution
		Debug|Any CPU = Debug|Any CPU
		Release|Any CPU = Release|Any CPU
	EndGlobalSection
	GlobalSection(ProjectConfigurationPlatforms) = postSolution
		{987093D4-6563-41DB-9856-DB230D692825}.Debug|Any CPU.ActiveCfg = Debug|Any CPU
		{987093D4-6563-41DB-9856-DB230D692825}.Debug|Any CPU.Build.0 = Debug|Any CPU
		{987093D4-6563-41DB-9856-DB230D692825}.Release|Any CPU.ActiveCfg = Release|Any CPU
		{987093D4-6563-41DB-9856-DB230D692825}.Release|Any CPU.Build.0 = Release|Any CPU
		{6DC62DF4-E599-467A-A40D-73B65031C2AC}.Debug|Any CPU.ActiveCfg = Debug|Any CPU
		{6DC62DF4-E599-467A-A40D-73B65031C2AC}.Debug|Any CPU.Build.0 = Debug|Any CPU
		{6DC62DF4-E599-467A-A40D-73B65031C2AC}.Release|Any CPU.ActiveCfg = Release|Any CPU
		{6DC62DF4-E599-467A-A40D-73B65031C2AC}.Release|Any CPU.Build.0 = Release|Any CPU
	EndGlobalSection
	GlobalSection(SolutionProperties) = preSolution
		HideSolutionNode = FALSE
	EndGlobalSection
	GlobalSection(ExtensibilityGlobals) = postSolution
		SolutionGuid = {C6B72DB2-F6E1-4082-8A64-997F093D2A6B}
	EndGlobalSection
EndGlobal
